
Microsoft Visual Studio Solution File, Format Version 12.00
# Visual Studio Version 17
VisualStudioVersion = 17.10.35013.160
MinimumVisualStudioVersion = 10.0.40219.1
Project("{9A19103F-16F7-4668-BE54-9A1E7A4F7556}") = "Stryker.BC.API", "Stryker.BC.API.csproj", "{8A2D7D3C-F2AF-43C7-AB2B-B7C89397E0BD}"
EndProject
Global
	GlobalSection(SolutionConfigurationPlatforms) = preSolution
		Debug|Any CPU = Debug|Any CPU
		Release|Any CPU = Release|Any CPU
	EndGlobalSection
	GlobalSection(ProjectConfigurationPlatforms) = postSolution
		{8A2D7D3C-F2AF-43C7-AB2B-B7C89397E0BD}.Debug|Any CPU.ActiveCfg = Debug|Any CPU
		{8A2D7D3C-F2AF-43C7-AB2B-B7C89397E0BD}.Debug|Any CPU.Build.0 = Debug|Any CPU
		{8A2D7D3C-F2AF-43C7-AB2B-B7C89397E0BD}.Release|Any CPU.ActiveCfg = Release|Any CPU
		{8A2D7D3C-F2AF-43C7-AB2B-B7C89397E0BD}.Release|Any CPU.Build.0 = Release|Any CPU
	EndGlobalSection
	GlobalSection(SolutionProperties) = preSolution
		HideSolutionNode = FALSE
	EndGlobalSection
	GlobalSection(ExtensibilityGlobals) = postSolution
		SolutionGuid = {DC887ACB-608E-45B2-BA2B-F0D41BBB067B}
	EndGlobalSection
EndGlobal
